
Microsoft Visual Studio Solution File, Format Version 12.00
# Visual Studio 15
VisualStudioVersion = 15.0.27703.2042
MinimumVisualStudioVersion = 10.0.40219.1
Project("{FAE04EC0-301F-11D3-BF4B-00C04F79EFBC}") = "SignalRChatApp", "SignalRChatApp\SignalRChatApp.csproj", "{71A4CB10-CD08-43D1-895D-5E06F2BEB4C2}"
EndProject
Global
	GlobalSection(SolutionConfigurationPlatforms) = preSolution
		Debug|Any CPU = Debug|Any CPU
		Release|Any CPU = Release|Any CPU
	EndGlobalSection
	GlobalSection(ProjectConfigurationPlatforms) = postSolution
		{71A4CB10-CD08-43D1-895D-5E06F2BEB4C2}.Debug|Any CPU.ActiveCfg = Debug|Any CPU
		{71A4CB10-CD08-43D1-895D-5E06F2BEB4C2}.Debug|Any CPU.Build.0 = Debug|Any CPU
		{71A4CB10-CD08-43D1-895D-5E06F2BEB4C2}.Release|Any CPU.ActiveCfg = Release|Any CPU
		{71A4CB10-CD08-43D1-895D-5E06F2BEB4C2}.Release|Any CPU.Build.0 = Release|Any CPU
	EndGlobalSection
	GlobalSection(SolutionProperties) = preSolution
		HideSolutionNode = FALSE
	EndGlobalSection
	GlobalSection(ExtensibilityGlobals) = postSolution
		SolutionGuid = {18FE665C-B12D-4480-BB77-E41B776747EF}
	EndGlobalSection
EndGlobal
